// !$*UTF8*$!
{
	archiveVersion = 1;
	classes = {
	};
	objectVersion = 55;
	objects = {

/* Begin PBXBuildFile section */
		B310D35A2829495900D56315 /* mercedes.usdz in Resources */ = {isa = PBXBuildFile; fileRef = B310D3592829495900D56315 /* mercedes.usdz */; };
		B310D35D28295AE200D56315 /* mcdonald.usdz in Resources */ = {isa = PBXBuildFile; fileRef = B310D35B28295AE100D56315 /* mcdonald.usdz */; };
		B310D35E28295AE200D56315 /* tv.usdz in Resources */ = {isa = PBXBuildFile; fileRef = B310D35C28295AE200D56315 /* tv.usdz */; };
		B310D3622829856800D56315 /* chair.usdz in Resources */ = {isa = PBXBuildFile; fileRef = B310D3612829856700D56315 /* chair.usdz */; };
		B310D36428298AC300D56315 /* chair2.usdz in Resources */ = {isa = PBXBuildFile; fileRef = B310D36328298AC300D56315 /* chair2.usdz */; };
		B310D36C282AAC5400D56315 /* coca.usdz in Resources */ = {isa = PBXBuildFile; fileRef = B310D36B282AAC5400D56315 /* coca.usdz */; };
		B36756242824609A000DBBDF /* BrowseView.swift in Sources */ = {isa = PBXBuildFile; fileRef = B36756232824609A000DBBDF /* BrowseView.swift */; };
		B37CB8AD282442DA003C1995 /* papelHigi.usdz in Resources */ = {isa = PBXBuildFile; fileRef = B37CB8AC282442DA003C1995 /* papelHigi.usdz */; };
		B37CB8AF28244429003C1995 /* ControlView.swift in Sources */ = {isa = PBXBuildFile; fileRef = B37CB8AE28244429003C1995 /* ControlView.swift */; };
		B3991C5E2824A37000D4636B /* Model.swift in Sources */ = {isa = PBXBuildFile; fileRef = B3991C5D2824A37000D4636B /* Model.swift */; };
		B3991C60282541C900D4636B /* PlacementSettings.swift in Sources */ = {isa = PBXBuildFile; fileRef = B3991C5F282541C900D4636B /* PlacementSettings.swift */; };
		B3991C622825437A00D4636B /* HelloAR.swift in Sources */ = {isa = PBXBuildFile; fileRef = B3991C612825437A00D4636B /* HelloAR.swift */; };
		B3991C642825448400D4636B /* PlacementView.swift in Sources */ = {isa = PBXBuildFile; fileRef = B3991C632825448400D4636B /* PlacementView.swift */; };
		B3991C67282549C700D4636B /* FocusEntity in Frameworks */ = {isa = PBXBuildFile; productRef = B3991C66282549C700D4636B /* FocusEntity */; };
		B3991C69282549F200D4636B /* CustomARView.swift in Sources */ = {isa = PBXBuildFile; fileRef = B3991C68282549F200D4636B /* CustomARView.swift */; };
		B3991C6B282553A000D4636B /* mancha.usdz in Resources */ = {isa = PBXBuildFile; fileRef = B3991C6A282553A000D4636B /* mancha.usdz */; };
		B3991C6D2825607A00D4636B /* mulher1.usdz in Resources */ = {isa = PBXBuildFile; fileRef = B3991C6C2825607A00D4636B /* mulher1.usdz */; };
		B3991C6F2825631D00D4636B /* carro.usdz in Resources */ = {isa = PBXBuildFile; fileRef = B3991C6E2825631D00D4636B /* carro.usdz */; };
		B3991C71282591A500D4636B /* View+Extensions.swift in Sources */ = {isa = PBXBuildFile; fileRef = B3991C70282591A500D4636B /* View+Extensions.swift */; };
		B3991C7328259DDF00D4636B /* SessionSettings.swift in Sources */ = {isa = PBXBuildFile; fileRef = B3991C7228259DDF00D4636B /* SessionSettings.swift */; };
		B3991C7528259EED00D4636B /* SettingsView.swift in Sources */ = {isa = PBXBuildFile; fileRef = B3991C7428259EED00D4636B /* SettingsView.swift */; };
		B3991C782827FDFF00D4636B /* FirebaseAuth in Frameworks */ = {isa = PBXBuildFile; productRef = B3991C772827FDFF00D4636B /* FirebaseAuth */; };
		B3991C7A2827FDFF00D4636B /* FirebaseFirestore in Frameworks */ = {isa = PBXBuildFile; productRef = B3991C792827FDFF00D4636B /* FirebaseFirestore */; };
		B3991C7C2827FE0000D4636B /* FirebaseFirestoreSwift in Frameworks */ = {isa = PBXBuildFile; productRef = B3991C7B2827FDFF00D4636B /* FirebaseFirestoreSwift */; };
		B3991C7E2827FE0000D4636B /* FirebaseStorage in Frameworks */ = {isa = PBXBuildFile; productRef = B3991C7D2827FE0000D4636B /* FirebaseStorage */; };
		B3991C802827FF2300D4636B /* GoogleService-Info.plist in Resources */ = {isa = PBXBuildFile; fileRef = B3991C7F2827FF2300D4636B /* GoogleService-Info.plist */; };
		B3B8AB5E28241B99002D61D2 /* AppDelegate.swift in Sources */ = {isa = PBXBuildFile; fileRef = B3B8AB5D28241B99002D61D2 /* AppDelegate.swift */; };
		B3B8AB6028241B99002D61D2 /* ContentView.swift in Sources */ = {isa = PBXBuildFile; fileRef = B3B8AB5F28241B99002D61D2 /* ContentView.swift */; };
		B3B8AB6428241B9E002D61D2 /* Assets.xcassets in Resources */ = {isa = PBXBuildFile; fileRef = B3B8AB6328241B9E002D61D2 /* Assets.xcassets */; };
		B3B8AB6728241B9E002D61D2 /* Preview Assets.xcassets in Resources */ = {isa = PBXBuildFile; fileRef = B3B8AB6628241B9E002D61D2 /* Preview Assets.xcassets */; };
/* End PBXBuildFile section */

/* Begin PBXFileReference section */
		B310D3592829495900D56315 /* mercedes.usdz */ = {isa = PBXFileReference; lastKnownFileType = file.usdz; path = mercedes.usdz; sourceTree = "<group>"; };
		B310D35B28295AE100D56315 /* mcdonald.usdz */ = {isa = PBXFileReference; lastKnownFileType = file.usdz; path = mcdonald.usdz; sourceTree = "<group>"; };
		B310D35C28295AE200D56315 /* tv.usdz */ = {isa = PBXFileReference; lastKnownFileType = file.usdz; path = tv.usdz; sourceTree = "<group>"; };
		B310D3612829856700D56315 /* chair.usdz */ = {isa = PBXFileReference; lastKnownFileType = file.usdz; path = chair.usdz; sourceTree = "<group>"; };
		B310D36328298AC300D56315 /* chair2.usdz */ = {isa = PBXFileReference; lastKnownFileType = file.usdz; path = chair2.usdz; sourceTree = "<group>"; };
		B310D36B282AAC5400D56315 /* coca.usdz */ = {isa = PBXFileReference; lastKnownFileType = file.usdz; path = coca.usdz; sourceTree = "<group>"; };
		B36756232824609A000DBBDF /* BrowseView.swift */ = {isa = PBXFileReference; lastKnownFileType = sourcecode.swift; path = BrowseView.swift; sourceTree = "<group>"; };
		B37CB8AC282442DA003C1995 /* papelHigi.usdz */ = {isa = PBXFileReference; lastKnownFileType = file.usdz; path = papelHigi.usdz; sourceTree = "<group>"; };
		B37CB8AE28244429003C1995 /* ControlView.swift */ = {isa = PBXFileReference; lastKnownFileType = sourcecode.swift; path = ControlView.swift; sourceTree = "<group>"; };
		B3991C5D2824A37000D4636B /* Model.swift */ = {isa = PBXFileReference; lastKnownFileType = sourcecode.swift; path = Model.swift; sourceTree = "<group>"; };
		B3991C5F282541C900D4636B /* PlacementSettings.swift */ = {isa = PBXFileReference; lastKnownFileType = sourcecode.swift; path = PlacementSettings.swift; sourceTree = "<group>"; };
		B3991C612825437A00D4636B /* HelloAR.swift */ = {isa = PBXFileReference; lastKnownFileType = sourcecode.swift; path = HelloAR.swift; sourceTree = "<group>"; };
		B3991C632825448400D4636B /* PlacementView.swift */ = {isa = PBXFileReference; lastKnownFileType = sourcecode.swift; path = PlacementView.swift; sourceTree = "<group>"; };
		B3991C68282549F200D4636B /* CustomARView.swift */ = {isa = PBXFileReference; lastKnownFileType = sourcecode.swift; path = CustomARView.swift; sourceTree = "<group>"; };
		B3991C6A282553A000D4636B /* mancha.usdz */ = {isa = PBXFileReference; lastKnownFileType = file.usdz; path = mancha.usdz; sourceTree = "<group>"; };
		B3991C6C2825607A00D4636B /* mulher1.usdz */ = {isa = PBXFileReference; lastKnownFileType = file.usdz; path = mulher1.usdz; sourceTree = "<group>"; };
		B3991C6E2825631D00D4636B /* carro.usdz */ = {isa = PBXFileReference; lastKnownFileType = file.usdz; path = carro.usdz; sourceTree = "<group>"; };
		B3991C70282591A500D4636B /* View+Extensions.swift */ = {isa = PBXFileReference; lastKnownFileType = sourcecode.swift; path = "View+Extensions.swift"; sourceTree = "<group>"; };
		B3991C7228259DDF00D4636B /* SessionSettings.swift */ = {isa = PBXFileReference; lastKnownFileType = sourcecode.swift; path = SessionSettings.swift; sourceTree = "<group>"; };
		B3991C7428259EED00D4636B /* SettingsView.swift */ = {isa = PBXFileReference; lastKnownFileType = sourcecode.swift; path = SettingsView.swift; sourceTree = "<group>"; };
		B3991C7F2827FF2300D4636B /* GoogleService-Info.plist */ = {isa = PBXFileReference; fileEncoding = 4; lastKnownFileType = text.plist.xml; path = "GoogleService-Info.plist"; sourceTree = "<group>"; };
		B3B8AB5A28241B99002D61D2 /* HelloAR.app */ = {isa = PBXFileReference; explicitFileType = wrapper.application; includeInIndex = 0; path = HelloAR.app; sourceTree = BUILT_PRODUCTS_DIR; };
		B3B8AB5D28241B99002D61D2 /* AppDelegate.swift */ = {isa = PBXFileReference; lastKnownFileType = sourcecode.swift; path = AppDelegate.swift; sourceTree = "<group>"; };
		B3B8AB5F28241B99002D61D2 /* ContentView.swift */ = {isa = PBXFileReference; lastKnownFileType = sourcecode.swift; path = ContentView.swift; sourceTree = "<group>"; };
		B3B8AB6328241B9E002D61D2 /* Assets.xcassets */ = {isa = PBXFileReference; lastKnownFileType = folder.assetcatalog; path = Assets.xcassets; sourceTree = "<group>"; };
		B3B8AB6628241B9E002D61D2 /* Preview Assets.xcassets */ = {isa = PBXFileReference; lastKnownFileType = folder.assetcatalog; path = "Preview Assets.xcassets"; sourceTree = "<group>"; };
/* End PBXFileReference section */

/* Begin PBXFrameworksBuildPhase section */
		B3B8AB5728241B99002D61D2 /* Frameworks */ = {
			isa = PBXFrameworksBuildPhase;
			buildActionMask = 2147483647;
			files = (
				B3991C67282549C700D4636B /* FocusEntity in Frameworks */,
				B3991C782827FDFF00D4636B /* FirebaseAuth in Frameworks */,
				B3991C7A2827FDFF00D4636B /* FirebaseFirestore in Frameworks */,
				B3991C7E2827FE0000D4636B /* FirebaseStorage in Frameworks */,
				B3991C7C2827FE0000D4636B /* FirebaseFirestoreSwift in Frameworks */,
			);
			runOnlyForDeploymentPostprocessing = 0;
		};
/* End PBXFrameworksBuildPhase section */

/* Begin PBXGroup section */
		B37CB8AB282442B0003C1995 /* 3D Assets */ = {
			isa = PBXGroup;
			children = (
				B37CB8AC282442DA003C1995 /* papelHigi.usdz */,
				B3991C6C2825607A00D4636B /* mulher1.usdz */,
				B310D35B28295AE100D56315 /* mcdonald.usdz */,
				B310D3612829856700D56315 /* chair.usdz */,
				B310D36B282AAC5400D56315 /* coca.usdz */,
				B310D35C28295AE200D56315 /* tv.usdz */,
				B310D36328298AC300D56315 /* chair2.usdz */,
				B310D3592829495900D56315 /* mercedes.usdz */,
				B3991C6E2825631D00D4636B /* carro.usdz */,
				B3991C6A282553A000D4636B /* mancha.usdz */,
			);
			path = "3D Assets";
			sourceTree = "<group>";
		};
		B3B8AB5128241B99002D61D2 = {
			isa = PBXGroup;
			children = (
				B3B8AB5C28241B99002D61D2 /* HelloAR */,
				B3B8AB5B28241B99002D61D2 /* Products */,
			);
			sourceTree = "<group>";
		};
		B3B8AB5B28241B99002D61D2 /* Products */ = {
			isa = PBXGroup;
			children = (
				B3B8AB5A28241B99002D61D2 /* HelloAR.app */,
			);
			name = Products;
			sourceTree = "<group>";
		};
		B3B8AB5C28241B99002D61D2 /* HelloAR */ = {
			isa = PBXGroup;
			children = (
				B37CB8AB282442B0003C1995 /* 3D Assets */,
				B3B8AB5D28241B99002D61D2 /* AppDelegate.swift */,
				B3991C612825437A00D4636B /* HelloAR.swift */,
				B3991C5D2824A37000D4636B /* Model.swift */,
				B3B8AB5F28241B99002D61D2 /* ContentView.swift */,
				B3991C7228259DDF00D4636B /* SessionSettings.swift */,
				B3991C7428259EED00D4636B /* SettingsView.swift */,
				B3991C68282549F200D4636B /* CustomARView.swift */,
				B37CB8AE28244429003C1995 /* ControlView.swift */,
				B36756232824609A000DBBDF /* BrowseView.swift */,
				B3991C632825448400D4636B /* PlacementView.swift */,
				B3991C70282591A500D4636B /* View+Extensions.swift */,
				B3991C5F282541C900D4636B /* PlacementSettings.swift */,
				B3B8AB6328241B9E002D61D2 /* Assets.xcassets */,
				B3991C7F2827FF2300D4636B /* GoogleService-Info.plist */,
				B3B8AB6528241B9E002D61D2 /* Preview Content */,
			);
			path = HelloAR;
			sourceTree = "<group>";
		};
		B3B8AB6528241B9E002D61D2 /* Preview Content */ = {
			isa = PBXGroup;
			children = (
				B3B8AB6628241B9E002D61D2 /* Preview Assets.xcassets */,
			);
			path = "Preview Content";
			sourceTree = "<group>";
		};
/* End PBXGroup section */

/* Begin PBXNativeTarget section */
		B3B8AB5928241B99002D61D2 /* HelloAR */ = {
			isa = PBXNativeTarget;
			buildConfigurationList = B3B8AB6A28241B9E002D61D2 /* Build configuration list for PBXNativeTarget "HelloAR" */;
			buildPhases = (
				B3B8AB5628241B99002D61D2 /* Sources */,
				B3B8AB5728241B99002D61D2 /* Frameworks */,
				B3B8AB5828241B99002D61D2 /* Resources */,
			);
			buildRules = (
			);
			dependencies = (
			);
			name = HelloAR;
			packageProductDependencies = (
				B3991C66282549C700D4636B /* FocusEntity */,
				B3991C772827FDFF00D4636B /* FirebaseAuth */,
				B3991C792827FDFF00D4636B /* FirebaseFirestore */,
				B3991C7B2827FDFF00D4636B /* FirebaseFirestoreSwift */,
				B3991C7D2827FE0000D4636B /* FirebaseStorage */,
			);
			productName = HelloAR;
			productReference = B3B8AB5A28241B99002D61D2 /* HelloAR.app */;
			productType = "com.apple.product-type.application";
		};
/* End PBXNativeTarget section */

/* Begin PBXProject section */
		B3B8AB5228241B99002D61D2 /* Project object */ = {
			isa = PBXProject;
			attributes = {
				BuildIndependentTargetsInParallel = 1;
				LastSwiftUpdateCheck = 1330;
				LastUpgradeCheck = 1330;
				TargetAttributes = {
					B3B8AB5928241B99002D61D2 = {
						CreatedOnToolsVersion = 13.3;
					};
				};
			};
			buildConfigurationList = B3B8AB5528241B99002D61D2 /* Build configuration list for PBXProject "HelloAR" */;
			compatibilityVersion = "Xcode 13.0";
			developmentRegion = en;
			hasScannedForEncodings = 0;
			knownRegions = (
				en,
				Base,
			);
			mainGroup = B3B8AB5128241B99002D61D2;
			packageReferences = (
				B3991C65282549C700D4636B /* XCRemoteSwiftPackageReference "FocusEntity" */,
				B3991C762827FDFF00D4636B /* XCRemoteSwiftPackageReference "firebase-ios-sdk" */,
			);
			productRefGroup = B3B8AB5B28241B99002D61D2 /* Products */;
			projectDirPath = "";
			projectRoot = "";
			targets = (
				B3B8AB5928241B99002D61D2 /* HelloAR */,
			);
		};
/* End PBXProject section */

/* Begin PBXResourcesBuildPhase section */
		B3B8AB5828241B99002D61D2 /* Resources */ = {
			isa = PBXResourcesBuildPhase;
			buildActionMask = 2147483647;
			files = (
				B310D36428298AC300D56315 /* chair2.usdz in Resources */,
				B3B8AB6728241B9E002D61D2 /* Preview Assets.xcassets in Resources */,
				B310D3622829856800D56315 /* chair.usdz in Resources */,
				B310D35E28295AE200D56315 /* tv.usdz in Resources */,
				B310D35A2829495900D56315 /* mercedes.usdz in Resources */,
				B37CB8AD282442DA003C1995 /* papelHigi.usdz in Resources */,
				B3B8AB6428241B9E002D61D2 /* Assets.xcassets in Resources */,
				B310D36C282AAC5400D56315 /* coca.usdz in Resources */,
				B310D35D28295AE200D56315 /* mcdonald.usdz in Resources */,
				B3991C6F2825631D00D4636B /* carro.usdz in Resources */,
				B3991C6B282553A000D4636B /* mancha.usdz in Resources */,
				B3991C6D2825607A00D4636B /* mulher1.usdz in Resources */,
				B3991C802827FF2300D4636B /* GoogleService-Info.plist in Resources */,
			);
			runOnlyForDeploymentPostprocessing = 0;
		};
/* End PBXResourcesBuildPhase section */

/* Begin PBXSourcesBuildPhase section */
		B3B8AB5628241B99002D61D2 /* Sources */ = {
			isa = PBXSourcesBuildPhase;
			buildActionMask = 2147483647;
			files = (
				B3991C60282541C900D4636B /* PlacementSettings.swift in Sources */,
				B3991C5E2824A37000D4636B /* Model.swift in Sources */,
				B3991C7328259DDF00D4636B /* SessionSettings.swift in Sources */,
				B3991C642825448400D4636B /* PlacementView.swift in Sources */,
				B36756242824609A000DBBDF /* BrowseView.swift in Sources */,
				B3991C69282549F200D4636B /* CustomARView.swift in Sources */,
				B3B8AB6028241B99002D61D2 /* ContentView.swift in Sources */,
				B37CB8AF28244429003C1995 /* ControlView.swift in Sources */,
				B3B8AB5E28241B99002D61D2 /* AppDelegate.swift in Sources */,
				B3991C7528259EED00D4636B /* SettingsView.swift in Sources */,
				B3991C71282591A500D4636B /* View+Extensions.swift in Sources */,
				B3991C622825437A00D4636B /* HelloAR.swift in Sources */,
			);
			runOnlyForDeploymentPostprocessing = 0;
		};
/* End PBXSourcesBuildPhase section */

/* Begin XCBuildConfiguration section */
		B3B8AB6828241B9E002D61D2 /* Debug */ = {
			isa = XCBuildConfiguration;
			buildSettings = {
				ALWAYS_SEARCH_USER_PATHS = NO;
				CLANG_ANALYZER_NONNULL = YES;
				CLANG_ANALYZER_NUMBER_OBJECT_CONVERSION = YES_AGGRESSIVE;
				CLANG_CXX_LANGUAGE_STANDARD = "gnu++17";
				CLANG_ENABLE_MODULES = YES;
				CLANG_ENABLE_OBJC_ARC = YES;
				CLANG_ENABLE_OBJC_WEAK = YES;
				CLANG_WARN_BLOCK_CAPTURE_AUTORELEASING = YES;
				CLANG_WARN_BOOL_CONVERSION = YES;
				CLANG_WARN_COMMA = YES;
				CLANG_WARN_CONSTANT_CONVERSION = YES;
				CLANG_WARN_DEPRECATED_OBJC_IMPLEMENTATIONS = YES;
				CLANG_WARN_DIRECT_OBJC_ISA_USAGE = YES_ERROR;
				CLANG_WARN_DOCUMENTATION_COMMENTS = YES;
				CLANG_WARN_EMPTY_BODY = YES;
				CLANG_WARN_ENUM_CONVERSION = YES;
				CLANG_WARN_INFINITE_RECURSION = YES;
				CLANG_WARN_INT_CONVERSION = YES;
				CLANG_WARN_NON_LITERAL_NULL_CONVERSION = YES;
				CLANG_WARN_OBJC_IMPLICIT_RETAIN_SELF = YES;
				CLANG_WARN_OBJC_LITERAL_CONVERSION = YES;
				CLANG_WARN_OBJC_ROOT_CLASS = YES_ERROR;
				CLANG_WARN_QUOTED_INCLUDE_IN_FRAMEWORK_HEADER = YES;
				CLANG_WARN_RANGE_LOOP_ANALYSIS = YES;
				CLANG_WARN_STRICT_PROTOTYPES = YES;
				CLANG_WARN_SUSPICIOUS_MOVE = YES;
				CLANG_WARN_UNGUARDED_AVAILABILITY = YES_AGGRESSIVE;
				CLANG_WARN_UNREACHABLE_CODE = YES;
				CLANG_WARN__DUPLICATE_METHOD_MATCH = YES;
				COPY_PHASE_STRIP = NO;
				DEBUG_INFORMATION_FORMAT = dwarf;
				ENABLE_STRICT_OBJC_MSGSEND = YES;
				ENABLE_TESTABILITY = YES;
				GCC_C_LANGUAGE_STANDARD = gnu11;
				GCC_DYNAMIC_NO_PIC = NO;
				GCC_NO_COMMON_BLOCKS = YES;
				GCC_OPTIMIZATION_LEVEL = 0;
				GCC_PREPROCESSOR_DEFINITIONS = (
					"DEBUG=1",
					"$(inherited)",
				);
				GCC_WARN_64_TO_32_BIT_CONVERSION = YES;
				GCC_WARN_ABOUT_RETURN_TYPE = YES_ERROR;
				GCC_WARN_UNDECLARED_SELECTOR = YES;
				GCC_WARN_UNINITIALIZED_AUTOS = YES_AGGRESSIVE;
				GCC_WARN_UNUSED_FUNCTION = YES;
				GCC_WARN_UNUSED_VARIABLE = YES;
				IPHONEOS_DEPLOYMENT_TARGET = 15.4;
				MTL_ENABLE_DEBUG_INFO = INCLUDE_SOURCE;
				MTL_FAST_MATH = YES;
				ONLY_ACTIVE_ARCH = YES;
				SDKROOT = iphoneos;
				SWIFT_ACTIVE_COMPILATION_CONDITIONS = DEBUG;
				SWIFT_OPTIMIZATION_LEVEL = "-Onone";
			};
			name = Debug;
		};
		B3B8AB6928241B9E002D61D2 /* Release */ = {
			isa = XCBuildConfiguration;
			buildSettings = {
				ALWAYS_SEARCH_USER_PATHS = NO;
				CLANG_ANALYZER_NONNULL = YES;
				CLANG_ANALYZER_NUMBER_OBJECT_CONVERSION = YES_AGGRESSIVE;
				CLANG_CXX_LANGUAGE_STANDARD = "gnu++17";
				CLANG_ENABLE_MODULES = YES;
				CLANG_ENABLE_OBJC_ARC = YES;
				CLANG_ENABLE_OBJC_WEAK = YES;
				CLANG_WARN_BLOCK_CAPTURE_AUTORELEASING = YES;
				CLANG_WARN_BOOL_CONVERSION = YES;
				CLANG_WARN_COMMA = YES;
				CLANG_WARN_CONSTANT_CONVERSION = YES;
				CLANG_WARN_DEPRECATED_OBJC_IMPLEMENTATIONS = YES;
				CLANG_WARN_DIRECT_OBJC_ISA_USAGE = YES_ERROR;
				CLANG_WARN_DOCUMENTATION_COMMENTS = YES;
				CLANG_WARN_EMPTY_BODY = YES;
				CLANG_WARN_ENUM_CONVERSION = YES;
				CLANG_WARN_INFINITE_RECURSION = YES;
				CLANG_WARN_INT_CONVERSION = YES;
				CLANG_WARN_NON_LITERAL_NULL_CONVERSION = YES;
				CLANG_WARN_OBJC_IMPLICIT_RETAIN_SELF = YES;
				CLANG_WARN_OBJC_LITERAL_CONVERSION = YES;
				CLANG_WARN_OBJC_ROOT_CLASS = YES_ERROR;
				CLANG_WARN_QUOTED_INCLUDE_IN_FRAMEWORK_HEADER = YES;
				CLANG_WARN_RANGE_LOOP_ANALYSIS = YES;
				CLANG_WARN_STRICT_PROTOTYPES = YES;
				CLANG_WARN_SUSPICIOUS_MOVE = YES;
				CLANG_WARN_UNGUARDED_AVAILABILITY = YES_AGGRESSIVE;
				CLANG_WARN_UNREACHABLE_CODE = YES;
				CLANG_WARN__DUPLICATE_METHOD_MATCH = YES;
				COPY_PHASE_STRIP = NO;
				DEBUG_INFORMATION_FORMAT = "dwarf-with-dsym";
				ENABLE_NS_ASSERTIONS = NO;
				ENABLE_STRICT_OBJC_MSGSEND = YES;
				GCC_C_LANGUAGE_STANDARD = gnu11;
				GCC_NO_COMMON_BLOCKS = YES;
				GCC_WARN_64_TO_32_BIT_CONVERSION = YES;
				GCC_WARN_ABOUT_RETURN_TYPE = YES_ERROR;
				GCC_WARN_UNDECLARED_SELECTOR = YES;
				GCC_WARN_UNINITIALIZED_AUTOS = YES_AGGRESSIVE;
				GCC_WARN_UNUSED_FUNCTION = YES;
				GCC_WARN_UNUSED_VARIABLE = YES;
				IPHONEOS_DEPLOYMENT_TARGET = 15.4;
				MTL_ENABLE_DEBUG_INFO = NO;
				MTL_FAST_MATH = YES;
				SDKROOT = iphoneos;
				SWIFT_COMPILATION_MODE = wholemodule;
				SWIFT_OPTIMIZATION_LEVEL = "-O";
				VALIDATE_PRODUCT = YES;
			};
			name = Release;
		};
		B3B8AB6B28241B9E002D61D2 /* Debug */ = {
			isa = XCBuildConfiguration;
			buildSettings = {
				ASSETCATALOG_COMPILER_APPICON_NAME = AppIcon;
				ASSETCATALOG_COMPILER_GLOBAL_ACCENT_COLOR_NAME = AccentColor;
				CODE_SIGN_STYLE = Automatic;
				CURRENT_PROJECT_VERSION = 1;
				DEVELOPMENT_ASSET_PATHS = "\"HelloAR/Preview Content\"";
				DEVELOPMENT_TEAM = LYZ4MHMERX;
				ENABLE_PREVIEWS = YES;
				GENERATE_INFOPLIST_FILE = YES;
				INFOPLIST_KEY_NSCameraUsageDescription = "";
				INFOPLIST_KEY_UIApplicationSupportsIndirectInputEvents = YES;
				INFOPLIST_KEY_UILaunchScreen_Generation = YES;
				INFOPLIST_KEY_UIRequiredDeviceCapabilities = arkit;
				INFOPLIST_KEY_UIStatusBarHidden = YES;
				INFOPLIST_KEY_UISupportedInterfaceOrientations_iPad = "UIInterfaceOrientationPortrait UIInterfaceOrientationPortraitUpsideDown UIInterfaceOrientationLandscapeLeft UIInterfaceOrientationLandscapeRight";
				INFOPLIST_KEY_UISupportedInterfaceOrientations_iPhone = "UIInterfaceOrientationPortrait UIInterfaceOrientationLandscapeLeft UIInterfaceOrientationLandscapeRight";
				IPHONEOS_DEPLOYMENT_TARGET = 15.3;
				LD_RUNPATH_SEARCH_PATHS = (
					"$(inherited)",
					"@executable_path/Frameworks",
				);
				MARKETING_VERSION = 1.0;
				PRODUCT_BUNDLE_IDENTIFIER = com.br.helloAR.HelloAR;
				PRODUCT_NAME = "$(TARGET_NAME)";
				SWIFT_EMIT_LOC_STRINGS = YES;
				SWIFT_VERSION = 5.0;
				TARGETED_DEVICE_FAMILY = "1,2";
			};
			name = Debug;
		};
		B3B8AB6C28241B9E002D61D2 /* Release */ = {
			isa = XCBuildConfiguration;
			buildSettings = {
				ASSETCATALOG_COMPILER_APPICON_NAME = AppIcon;
				ASSETCATALOG_COMPILER_GLOBAL_ACCENT_COLOR_NAME = AccentColor;
				CODE_SIGN_STYLE = Automatic;
				CURRENT_PROJECT_VERSION = 1;
				DEVELOPMENT_ASSET_PATHS = "\"HelloAR/Preview Content\"";
				DEVELOPMENT_TEAM = LYZ4MHMERX;
				ENABLE_PREVIEWS = YES;
				GENERATE_INFOPLIST_FILE = YES;
				INFOPLIST_KEY_NSCameraUsageDescription = "";
				INFOPLIST_KEY_UIApplicationSupportsIndirectInputEvents = YES;
				INFOPLIST_KEY_UILaunchScreen_Generation = YES;
				INFOPLIST_KEY_UIRequiredDeviceCapabilities = arkit;
				INFOPLIST_KEY_UIStatusBarHidden = YES;
				INFOPLIST_KEY_UISupportedInterfaceOrientations_iPad = "UIInterfaceOrientationPortrait UIInterfaceOrientationPortraitUpsideDown UIInterfaceOrientationLandscapeLeft UIInterfaceOrientationLandscapeRight";
				INFOPLIST_KEY_UISupportedInterfaceOrientations_iPhone = "UIInterfaceOrientationPortrait UIInterfaceOrientationLandscapeLeft UIInterfaceOrientationLandscapeRight";
				IPHONEOS_DEPLOYMENT_TARGET = 15.3;
				LD_RUNPATH_SEARCH_PATHS = (
					"$(inherited)",
					"@executable_path/Frameworks",
				);
				MARKETING_VERSION = 1.0;
				PRODUCT_BUNDLE_IDENTIFIER = com.br.helloAR.HelloAR;
				PRODUCT_NAME = "$(TARGET_NAME)";
				SWIFT_EMIT_LOC_STRINGS = YES;
				SWIFT_VERSION = 5.0;
				TARGETED_DEVICE_FAMILY = "1,2";
			};
			name = Release;
		};
/* End XCBuildConfiguration section */

/* Begin XCConfigurationList section */
		B3B8AB5528241B99002D61D2 /* Build configuration list for PBXProject "HelloAR" */ = {
			isa = XCConfigurationList;
			buildConfigurations = (
				B3B8AB6828241B9E002D61D2 /* Debug */,
				B3B8AB6928241B9E002D61D2 /* Release */,
			);
			defaultConfigurationIsVisible = 0;
			defaultConfigurationName = Release;
		};
		B3B8AB6A28241B9E002D61D2 /* Build configuration list for PBXNativeTarget "HelloAR" */ = {
			isa = XCConfigurationList;
			buildConfigurations = (
				B3B8AB6B28241B9E002D61D2 /* Debug */,
				B3B8AB6C28241B9E002D61D2 /* Release */,
			);
			defaultConfigurationIsVisible = 0;
			defaultConfigurationName = Release;
		};
/* End XCConfigurationList section */

/* Begin XCRemoteSwiftPackageReference section */
		B3991C65282549C700D4636B /* XCRemoteSwiftPackageReference "FocusEntity" */ = {
			isa = XCRemoteSwiftPackageReference;
			repositoryURL = "https://github.com/maxxfrazer/FocusEntity";
			requirement = {
				kind = upToNextMajorVersion;
				minimumVersion = 2.0.0;
			};
		};
		B3991C762827FDFF00D4636B /* XCRemoteSwiftPackageReference "firebase-ios-sdk" */ = {
			isa = XCRemoteSwiftPackageReference;
			repositoryURL = "https://github.com/firebase/firebase-ios-sdk";
			requirement = {
				kind = upToNextMajorVersion;
				minimumVersion = 9.0.0;
			};
		};
/* End XCRemoteSwiftPackageReference section */

/* Begin XCSwiftPackageProductDependency section */
		B3991C66282549C700D4636B /* FocusEntity */ = {
			isa = XCSwiftPackageProductDependency;
			package = B3991C65282549C700D4636B /* XCRemoteSwiftPackageReference "FocusEntity" */;
			productName = FocusEntity;
		};
		B3991C772827FDFF00D4636B /* FirebaseAuth */ = {
			isa = XCSwiftPackageProductDependency;
			package = B3991C762827FDFF00D4636B /* XCRemoteSwiftPackageReference "firebase-ios-sdk" */;
			productName = FirebaseAuth;
		};
		B3991C792827FDFF00D4636B /* FirebaseFirestore */ = {
			isa = XCSwiftPackageProductDependency;
			package = B3991C762827FDFF00D4636B /* XCRemoteSwiftPackageReference "firebase-ios-sdk" */;
			productName = FirebaseFirestore;
		};
		B3991C7B2827FDFF00D4636B /* FirebaseFirestoreSwift */ = {
			isa = XCSwiftPackageProductDependency;
			package = B3991C762827FDFF00D4636B /* XCRemoteSwiftPackageReference "firebase-ios-sdk" */;
			productName = FirebaseFirestoreSwift;
		};
		B3991C7D2827FE0000D4636B /* FirebaseStorage */ = {
			isa = XCSwiftPackageProductDependency;
			package = B3991C762827FDFF00D4636B /* XCRemoteSwiftPackageReference "firebase-ios-sdk" */;
			productName = FirebaseStorage;
		};
/* End XCSwiftPackageProductDependency section */
	};
	rootObject = B3B8AB5228241B99002D61D2 /* Project object */;
}
